
Microsoft Visual Studio Solution File, Format Version 12.00
# Visual Studio 14
VisualStudioVersion = 14.0.25420.1
MinimumVisualStudioVersion = 10.0.40219.1
Project("{FAE04EC0-301F-11D3-BF4B-00C04F79EFBC}") = "CSHARP_Opdracht_WebShop", "CSHARP_Opdracht_WebShop\CSHARP_Opdracht_WebShop.csproj", "{C4081606-3A8F-4587-8CB0-7B4DDD5E1C35}"
EndProject
Global
	GlobalSection(SolutionConfigurationPlatforms) = preSolution
		Debug|Any CPU = Debug|Any CPU
		Release|Any CPU = Release|Any CPU
	EndGlobalSection
	GlobalSection(ProjectConfigurationPlatforms) = postSolution
		{C4081606-3A8F-4587-8CB0-7B4DDD5E1C35}.Debug|Any CPU.ActiveCfg = Debug|Any CPU
		{C4081606-3A8F-4587-8CB0-7B4DDD5E1C35}.Debug|Any CPU.Build.0 = Debug|Any CPU
		{C4081606-3A8F-4587-8CB0-7B4DDD5E1C35}.Release|Any CPU.ActiveCfg = Release|Any CPU
		{C4081606-3A8F-4587-8CB0-7B4DDD5E1C35}.Release|Any CPU.Build.0 = Release|Any CPU
	EndGlobalSection
	GlobalSection(SolutionProperties) = preSolution
		HideSolutionNode = FALSE
	EndGlobalSection
EndGlobal
